// !$*UTF8*$!
{
	archiveVersion = 1;
	classes = {
	};
	objectVersion = 56;
	objects = {

/* Begin PBXBuildFile section */
		B76B4FC1293A876800F68CC3 /* MovieDBApp.swift in Sources */ = {isa = PBXBuildFile; fileRef = B76B4FC0293A876800F68CC3 /* MovieDBApp.swift */; };
		B76B4FC3293A876800F68CC3 /* LandingView.swift in Sources */ = {isa = PBXBuildFile; fileRef = B76B4FC2293A876800F68CC3 /* LandingView.swift */; };
		B76B4FC5293A876A00F68CC3 /* Assets.xcassets in Resources */ = {isa = PBXBuildFile; fileRef = B76B4FC4293A876A00F68CC3 /* Assets.xcassets */; };
		B76B4FC8293A876A00F68CC3 /* Preview Assets.xcassets in Resources */ = {isa = PBXBuildFile; fileRef = B76B4FC7293A876A00F68CC3 /* Preview Assets.xcassets */; };
		B76B4FEC293A890D00F68CC3 /* GenreServiceFacade.swift in Sources */ = {isa = PBXBuildFile; fileRef = B76B4FEB293A890D00F68CC3 /* GenreServiceFacade.swift */; };
		B76B4FEE293A891E00F68CC3 /* Service.swift in Sources */ = {isa = PBXBuildFile; fileRef = B76B4FED293A891E00F68CC3 /* Service.swift */; };
		B76B4FF4293A8E9100F68CC3 /* LandingViewModel.swift in Sources */ = {isa = PBXBuildFile; fileRef = B76B4FF3293A8E9100F68CC3 /* LandingViewModel.swift */; };
		B76B4FF7293A904A00F68CC3 /* Models.swift in Sources */ = {isa = PBXBuildFile; fileRef = B76B4FF6293A904A00F68CC3 /* Models.swift */; };
		B76B4FF9293AA83300F68CC3 /* MovieServiceFacade.swift in Sources */ = {isa = PBXBuildFile; fileRef = B76B4FF8293AA83300F68CC3 /* MovieServiceFacade.swift */; };
		B76B4FFD293AAE4200F68CC3 /* LandingVIewModelTests.swift in Sources */ = {isa = PBXBuildFile; fileRef = B76B4FFC293AAE4200F68CC3 /* LandingVIewModelTests.swift */; };
		B76B500B293AE42900F68CC3 /* Environment.swift in Sources */ = {isa = PBXBuildFile; fileRef = B76B500A293AE42900F68CC3 /* Environment.swift */; };
/* End PBXBuildFile section */

/* Begin PBXContainerItemProxy section */
		B76B4FCE293A876A00F68CC3 /* PBXContainerItemProxy */ = {
			isa = PBXContainerItemProxy;
			containerPortal = B76B4FB5293A876800F68CC3 /* Project object */;
			proxyType = 1;
			remoteGlobalIDString = B76B4FBC293A876800F68CC3;
			remoteInfo = MovieDB;
		};
/* End PBXContainerItemProxy section */

/* Begin PBXFileReference section */
		B76B4FBD293A876800F68CC3 /* MovieDB.app */ = {isa = PBXFileReference; explicitFileType = wrapper.application; includeInIndex = 0; path = MovieDB.app; sourceTree = BUILT_PRODUCTS_DIR; };
		B76B4FC0293A876800F68CC3 /* MovieDBApp.swift */ = {isa = PBXFileReference; lastKnownFileType = sourcecode.swift; path = MovieDBApp.swift; sourceTree = "<group>"; };
		B76B4FC2293A876800F68CC3 /* LandingView.swift */ = {isa = PBXFileReference; lastKnownFileType = sourcecode.swift; path = LandingView.swift; sourceTree = "<group>"; };
		B76B4FC4293A876A00F68CC3 /* Assets.xcassets */ = {isa = PBXFileReference; lastKnownFileType = folder.assetcatalog; path = Assets.xcassets; sourceTree = "<group>"; };
		B76B4FC7293A876A00F68CC3 /* Preview Assets.xcassets */ = {isa = PBXFileReference; lastKnownFileType = folder.assetcatalog; path = "Preview Assets.xcassets"; sourceTree = "<group>"; };
		B76B4FCD293A876A00F68CC3 /* MovieDBTests.xctest */ = {isa = PBXFileReference; explicitFileType = wrapper.cfbundle; includeInIndex = 0; path = MovieDBTests.xctest; sourceTree = BUILT_PRODUCTS_DIR; };
		B76B4FEB293A890D00F68CC3 /* GenreServiceFacade.swift */ = {isa = PBXFileReference; lastKnownFileType = sourcecode.swift; path = GenreServiceFacade.swift; sourceTree = "<group>"; };
		B76B4FED293A891E00F68CC3 /* Service.swift */ = {isa = PBXFileReference; lastKnownFileType = sourcecode.swift; path = Service.swift; sourceTree = "<group>"; };
		B76B4FF3293A8E9100F68CC3 /* LandingViewModel.swift */ = {isa = PBXFileReference; lastKnownFileType = sourcecode.swift; path = LandingViewModel.swift; sourceTree = "<group>"; };
		B76B4FF6293A904A00F68CC3 /* Models.swift */ = {isa = PBXFileReference; lastKnownFileType = sourcecode.swift; path = Models.swift; sourceTree = "<group>"; };
		B76B4FF8293AA83300F68CC3 /* MovieServiceFacade.swift */ = {isa = PBXFileReference; lastKnownFileType = sourcecode.swift; path = MovieServiceFacade.swift; sourceTree = "<group>"; };
		B76B4FFC293AAE4200F68CC3 /* LandingVIewModelTests.swift */ = {isa = PBXFileReference; lastKnownFileType = sourcecode.swift; path = LandingVIewModelTests.swift; sourceTree = "<group>"; };
		B76B500A293AE42900F68CC3 /* Environment.swift */ = {isa = PBXFileReference; lastKnownFileType = sourcecode.swift; path = Environment.swift; sourceTree = "<group>"; };
/* End PBXFileReference section */

/* Begin PBXFrameworksBuildPhase section */
		B76B4FBA293A876800F68CC3 /* Frameworks */ = {
			isa = PBXFrameworksBuildPhase;
			buildActionMask = 2147483647;
			files = (
			);
			runOnlyForDeploymentPostprocessing = 0;
		};
		B76B4FCA293A876A00F68CC3 /* Frameworks */ = {
			isa = PBXFrameworksBuildPhase;
			buildActionMask = 2147483647;
			files = (
			);
			runOnlyForDeploymentPostprocessing = 0;
		};
/* End PBXFrameworksBuildPhase section */

/* Begin PBXGroup section */
		B76B4FB4293A876800F68CC3 = {
			isa = PBXGroup;
			children = (
				B76B4FBF293A876800F68CC3 /* MovieDB */,
				B76B4FD0293A876A00F68CC3 /* MovieDBTests */,
				B76B4FBE293A876800F68CC3 /* Products */,
			);
			sourceTree = "<group>";
		};
		B76B4FBE293A876800F68CC3 /* Products */ = {
			isa = PBXGroup;
			children = (
				B76B4FBD293A876800F68CC3 /* MovieDB.app */,
				B76B4FCD293A876A00F68CC3 /* MovieDBTests.xctest */,
			);
			name = Products;
			sourceTree = "<group>";
		};
		B76B4FBF293A876800F68CC3 /* MovieDB */ = {
			isa = PBXGroup;
			children = (
				B76B5009293AE33300F68CC3 /* Environment */,
				B76B4FF5293A903E00F68CC3 /* Models */,
				B76B4FF1293A8E7400F68CC3 /* Screens */,
				B76B4FEA293A88F900F68CC3 /* Service */,
				B76B4FC0293A876800F68CC3 /* MovieDBApp.swift */,
				B76B4FC4293A876A00F68CC3 /* Assets.xcassets */,
				B76B4FC6293A876A00F68CC3 /* Preview Content */,
			);
			path = MovieDB;
			sourceTree = "<group>";
		};
		B76B4FC6293A876A00F68CC3 /* Preview Content */ = {
			isa = PBXGroup;
			children = (
				B76B4FC7293A876A00F68CC3 /* Preview Assets.xcassets */,
			);
			path = "Preview Content";
			sourceTree = "<group>";
		};
		B76B4FD0293A876A00F68CC3 /* MovieDBTests */ = {
			isa = PBXGroup;
			children = (
				B76B4FFC293AAE4200F68CC3 /* LandingVIewModelTests.swift */,
			);
			path = MovieDBTests;
			sourceTree = "<group>";
		};
		B76B4FEA293A88F900F68CC3 /* Service */ = {
			isa = PBXGroup;
			children = (
				B76B4FEB293A890D00F68CC3 /* GenreServiceFacade.swift */,
				B76B4FED293A891E00F68CC3 /* Service.swift */,
				B76B4FF8293AA83300F68CC3 /* MovieServiceFacade.swift */,
			);
			path = Service;
			sourceTree = "<group>";
		};
		B76B4FF1293A8E7400F68CC3 /* Screens */ = {
			isa = PBXGroup;
			children = (
				B76B4FF2293A8E8000F68CC3 /* Landing */,
			);
			path = Screens;
			sourceTree = "<group>";
		};
		B76B4FF2293A8E8000F68CC3 /* Landing */ = {
			isa = PBXGroup;
			children = (
				B76B4FC2293A876800F68CC3 /* LandingView.swift */,
				B76B4FF3293A8E9100F68CC3 /* LandingViewModel.swift */,
			);
			path = Landing;
			sourceTree = "<group>";
		};
		B76B4FF5293A903E00F68CC3 /* Models */ = {
			isa = PBXGroup;
			children = (
				B76B4FF6293A904A00F68CC3 /* Models.swift */,
			);
			path = Models;
			sourceTree = "<group>";
		};
		B76B5009293AE33300F68CC3 /* Environment */ = {
			isa = PBXGroup;
			children = (
				B76B500A293AE42900F68CC3 /* Environment.swift */,
			);
			path = Environment;
			sourceTree = "<group>";
		};
/* End PBXGroup section */

/* Begin PBXNativeTarget section */
		B76B4FBC293A876800F68CC3 /* MovieDB */ = {
			isa = PBXNativeTarget;
			buildConfigurationList = B76B4FE1293A876A00F68CC3 /* Build configuration list for PBXNativeTarget "MovieDB" */;
			buildPhases = (
				B76B4FB9293A876800F68CC3 /* Sources */,
				B76B4FBA293A876800F68CC3 /* Frameworks */,
				B76B4FBB293A876800F68CC3 /* Resources */,
			);
			buildRules = (
			);
			dependencies = (
			);
			name = MovieDB;
			productName = MovieDB;
			productReference = B76B4FBD293A876800F68CC3 /* MovieDB.app */;
			productType = "com.apple.product-type.application";
		};
		B76B4FCC293A876A00F68CC3 /* MovieDBTests */ = {
			isa = PBXNativeTarget;
			buildConfigurationList = B76B4FE4293A876A00F68CC3 /* Build configuration list for PBXNativeTarget "MovieDBTests" */;
			buildPhases = (
				B76B4FC9293A876A00F68CC3 /* Sources */,
				B76B4FCA293A876A00F68CC3 /* Frameworks */,
				B76B4FCB293A876A00F68CC3 /* Resources */,
			);
			buildRules = (
			);
			dependencies = (
				B76B4FCF293A876A00F68CC3 /* PBXTargetDependency */,
			);
			name = MovieDBTests;
			productName = MovieDBTests;
			productReference = B76B4FCD293A876A00F68CC3 /* MovieDBTests.xctest */;
			productType = "com.apple.product-type.bundle.unit-test";
		};
/* End PBXNativeTarget section */

/* Begin PBXProject section */
		B76B4FB5293A876800F68CC3 /* Project object */ = {
			isa = PBXProject;
			attributes = {
				BuildIndependentTargetsInParallel = 1;
				LastSwiftUpdateCheck = 1400;
				LastUpgradeCheck = 1400;
				TargetAttributes = {
					B76B4FBC293A876800F68CC3 = {
						CreatedOnToolsVersion = 14.0.1;
					};
					B76B4FCC293A876A00F68CC3 = {
						CreatedOnToolsVersion = 14.0.1;
						TestTargetID = B76B4FBC293A876800F68CC3;
					};
				};
			};
			buildConfigurationList = B76B4FB8293A876800F68CC3 /* Build configuration list for PBXProject "MovieDB" */;
			compatibilityVersion = "Xcode 14.0";
			developmentRegion = en;
			hasScannedForEncodings = 0;
			knownRegions = (
				en,
				Base,
			);
			mainGroup = B76B4FB4293A876800F68CC3;
			productRefGroup = B76B4FBE293A876800F68CC3 /* Products */;
			projectDirPath = "";
			projectRoot = "";
			targets = (
				B76B4FBC293A876800F68CC3 /* MovieDB */,
				B76B4FCC293A876A00F68CC3 /* MovieDBTests */,
			);
		};
/* End PBXProject section */

/* Begin PBXResourcesBuildPhase section */
		B76B4FBB293A876800F68CC3 /* Resources */ = {
			isa = PBXResourcesBuildPhase;
			buildActionMask = 2147483647;
			files = (
				B76B4FC8293A876A00F68CC3 /* Preview Assets.xcassets in Resources */,
				B76B4FC5293A876A00F68CC3 /* Assets.xcassets in Resources */,
			);
			runOnlyForDeploymentPostprocessing = 0;
		};
		B76B4FCB293A876A00F68CC3 /* Resources */ = {
			isa = PBXResourcesBuildPhase;
			buildActionMask = 2147483647;
			files = (
			);
			runOnlyForDeploymentPostprocessing = 0;
		};
/* End PBXResourcesBuildPhase section */

/* Begin PBXSourcesBuildPhase section */
		B76B4FB9293A876800F68CC3 /* Sources */ = {
			isa = PBXSourcesBuildPhase;
			buildActionMask = 2147483647;
			files = (
				B76B4FC3293A876800F68CC3 /* LandingView.swift in Sources */,
				B76B500B293AE42900F68CC3 /* Environment.swift in Sources */,
				B76B4FF9293AA83300F68CC3 /* MovieServiceFacade.swift in Sources */,
				B76B4FF4293A8E9100F68CC3 /* LandingViewModel.swift in Sources */,
				B76B4FEC293A890D00F68CC3 /* GenreServiceFacade.swift in Sources */,
				B76B4FC1293A876800F68CC3 /* MovieDBApp.swift in Sources */,
				B76B4FF7293A904A00F68CC3 /* Models.swift in Sources */,
				B76B4FEE293A891E00F68CC3 /* Service.swift in Sources */,
			);
			runOnlyForDeploymentPostprocessing = 0;
		};
		B76B4FC9293A876A00F68CC3 /* Sources */ = {
			isa = PBXSourcesBuildPhase;
			buildActionMask = 2147483647;
			files = (
				B76B4FFD293AAE4200F68CC3 /* LandingVIewModelTests.swift in Sources */,
			);
			runOnlyForDeploymentPostprocessing = 0;
		};
/* End PBXSourcesBuildPhase section */

/* Begin PBXTargetDependency section */
		B76B4FCF293A876A00F68CC3 /* PBXTargetDependency */ = {
			isa = PBXTargetDependency;
			target = B76B4FBC293A876800F68CC3 /* MovieDB */;
			targetProxy = B76B4FCE293A876A00F68CC3 /* PBXContainerItemProxy */;
		};
/* End PBXTargetDependency section */

/* Begin XCBuildConfiguration section */
		B76B4FDF293A876A00F68CC3 /* Debug */ = {
			isa = XCBuildConfiguration;
			buildSettings = {
				ALWAYS_SEARCH_USER_PATHS = NO;
				CLANG_ANALYZER_NONNULL = YES;
				CLANG_ANALYZER_NUMBER_OBJECT_CONVERSION = YES_AGGRESSIVE;
				CLANG_CXX_LANGUAGE_STANDARD = "gnu++20";
				CLANG_ENABLE_MODULES = YES;
				CLANG_ENABLE_OBJC_ARC = YES;
				CLANG_ENABLE_OBJC_WEAK = YES;
				CLANG_WARN_BLOCK_CAPTURE_AUTORELEASING = YES;
				CLANG_WARN_BOOL_CONVERSION = YES;
				CLANG_WARN_COMMA = YES;
				CLANG_WARN_CONSTANT_CONVERSION = YES;
				CLANG_WARN_DEPRECATED_OBJC_IMPLEMENTATIONS = YES;
				CLANG_WARN_DIRECT_OBJC_ISA_USAGE = YES_ERROR;
				CLANG_WARN_DOCUMENTATION_COMMENTS = YES;
				CLANG_WARN_EMPTY_BODY = YES;
				CLANG_WARN_ENUM_CONVERSION = YES;
				CLANG_WARN_INFINITE_RECURSION = YES;
				CLANG_WARN_INT_CONVERSION = YES;
				CLANG_WARN_NON_LITERAL_NULL_CONVERSION = YES;
				CLANG_WARN_OBJC_IMPLICIT_RETAIN_SELF = YES;
				CLANG_WARN_OBJC_LITERAL_CONVERSION = YES;
				CLANG_WARN_OBJC_ROOT_CLASS = YES_ERROR;
				CLANG_WARN_QUOTED_INCLUDE_IN_FRAMEWORK_HEADER = YES;
				CLANG_WARN_RANGE_LOOP_ANALYSIS = YES;
				CLANG_WARN_STRICT_PROTOTYPES = YES;
				CLANG_WARN_SUSPICIOUS_MOVE = YES;
				CLANG_WARN_UNGUARDED_AVAILABILITY = YES_AGGRESSIVE;
				CLANG_WARN_UNREACHABLE_CODE = YES;
				CLANG_WARN__DUPLICATE_METHOD_MATCH = YES;
				COPY_PHASE_STRIP = NO;
				DEBUG_INFORMATION_FORMAT = dwarf;
				ENABLE_STRICT_OBJC_MSGSEND = YES;
				ENABLE_TESTABILITY = YES;
				GCC_C_LANGUAGE_STANDARD = gnu11;
				GCC_DYNAMIC_NO_PIC = NO;
				GCC_NO_COMMON_BLOCKS = YES;
				GCC_OPTIMIZATION_LEVEL = 0;
				GCC_PREPROCESSOR_DEFINITIONS = (
					"DEBUG=1",
					"$(inherited)",
				);
				GCC_WARN_64_TO_32_BIT_CONVERSION = YES;
				GCC_WARN_ABOUT_RETURN_TYPE = YES_ERROR;
				GCC_WARN_UNDECLARED_SELECTOR = YES;
				GCC_WARN_UNINITIALIZED_AUTOS = YES_AGGRESSIVE;
				GCC_WARN_UNUSED_FUNCTION = YES;
				GCC_WARN_UNUSED_VARIABLE = YES;
				IPHONEOS_DEPLOYMENT_TARGET = 16.0;
				MTL_ENABLE_DEBUG_INFO = INCLUDE_SOURCE;
				MTL_FAST_MATH = YES;
				ONLY_ACTIVE_ARCH = YES;
				SDKROOT = iphoneos;
				SWIFT_ACTIVE_COMPILATION_CONDITIONS = DEBUG;
				SWIFT_OPTIMIZATION_LEVEL = "-Onone";
			};
			name = Debug;
		};
		B76B4FE0293A876A00F68CC3 /* Release */ = {
			isa = XCBuildConfiguration;
			buildSettings = {
				ALWAYS_SEARCH_USER_PATHS = NO;
				CLANG_ANALYZER_NONNULL = YES;
				CLANG_ANALYZER_NUMBER_OBJECT_CONVERSION = YES_AGGRESSIVE;
				CLANG_CXX_LANGUAGE_STANDARD = "gnu++20";
				CLANG_ENABLE_MODULES = YES;
				CLANG_ENABLE_OBJC_ARC = YES;
				CLANG_ENABLE_OBJC_WEAK = YES;
				CLANG_WARN_BLOCK_CAPTURE_AUTORELEASING = YES;
				CLANG_WARN_BOOL_CONVERSION = YES;
				CLANG_WARN_COMMA = YES;
				CLANG_WARN_CONSTANT_CONVERSION = YES;
				CLANG_WARN_DEPRECATED_OBJC_IMPLEMENTATIONS = YES;
				CLANG_WARN_DIRECT_OBJC_ISA_USAGE = YES_ERROR;
				CLANG_WARN_DOCUMENTATION_COMMENTS = YES;
				CLANG_WARN_EMPTY_BODY = YES;
				CLANG_WARN_ENUM_CONVERSION = YES;
				CLANG_WARN_INFINITE_RECURSION = YES;
				CLANG_WARN_INT_CONVERSION = YES;
				CLANG_WARN_NON_LITERAL_NULL_CONVERSION = YES;
				CLANG_WARN_OBJC_IMPLICIT_RETAIN_SELF = YES;
				CLANG_WARN_OBJC_LITERAL_CONVERSION = YES;
				CLANG_WARN_OBJC_ROOT_CLASS = YES_ERROR;
				CLANG_WARN_QUOTED_INCLUDE_IN_FRAMEWORK_HEADER = YES;
				CLANG_WARN_RANGE_LOOP_ANALYSIS = YES;
				CLANG_WARN_STRICT_PROTOTYPES = YES;
				CLANG_WARN_SUSPICIOUS_MOVE = YES;
				CLANG_WARN_UNGUARDED_AVAILABILITY = YES_AGGRESSIVE;
				CLANG_WARN_UNREACHABLE_CODE = YES;
				CLANG_WARN__DUPLICATE_METHOD_MATCH = YES;
				COPY_PHASE_STRIP = NO;
				DEBUG_INFORMATION_FORMAT = "dwarf-with-dsym";
				ENABLE_NS_ASSERTIONS = NO;
				ENABLE_STRICT_OBJC_MSGSEND = YES;
				GCC_C_LANGUAGE_STANDARD = gnu11;
				GCC_NO_COMMON_BLOCKS = YES;
				GCC_WARN_64_TO_32_BIT_CONVERSION = YES;
				GCC_WARN_ABOUT_RETURN_TYPE = YES_ERROR;
				GCC_WARN_UNDECLARED_SELECTOR = YES;
				GCC_WARN_UNINITIALIZED_AUTOS = YES_AGGRESSIVE;
				GCC_WARN_UNUSED_FUNCTION = YES;
				GCC_WARN_UNUSED_VARIABLE = YES;
				IPHONEOS_DEPLOYMENT_TARGET = 16.0;
				MTL_ENABLE_DEBUG_INFO = NO;
				MTL_FAST_MATH = YES;
				SDKROOT = iphoneos;
				SWIFT_COMPILATION_MODE = wholemodule;
				SWIFT_OPTIMIZATION_LEVEL = "-O";
				VALIDATE_PRODUCT = YES;
			};
			name = Release;
		};
		B76B4FE2293A876A00F68CC3 /* Debug */ = {
			isa = XCBuildConfiguration;
			buildSettings = {
				ALLOW_TARGET_PLATFORM_SPECIALIZATION = NO;
				ASSETCATALOG_COMPILER_APPICON_NAME = AppIcon;
				ASSETCATALOG_COMPILER_GLOBAL_ACCENT_COLOR_NAME = AccentColor;
				CODE_SIGN_STYLE = Automatic;
				CURRENT_PROJECT_VERSION = 1;
				DEVELOPMENT_ASSET_PATHS = "\"MovieDB/Preview Content\"";
				ENABLE_PREVIEWS = YES;
				GENERATE_INFOPLIST_FILE = YES;
				INFOPLIST_KEY_UIApplicationSceneManifest_Generation = YES;
				INFOPLIST_KEY_UIApplicationSupportsIndirectInputEvents = YES;
				INFOPLIST_KEY_UILaunchScreen_Generation = YES;
				INFOPLIST_KEY_UISupportedInterfaceOrientations_iPad = "UIInterfaceOrientationPortrait UIInterfaceOrientationPortraitUpsideDown UIInterfaceOrientationLandscapeLeft UIInterfaceOrientationLandscapeRight";
				INFOPLIST_KEY_UISupportedInterfaceOrientations_iPhone = "UIInterfaceOrientationPortrait UIInterfaceOrientationLandscapeLeft UIInterfaceOrientationLandscapeRight";
				LD_RUNPATH_SEARCH_PATHS = (
					"$(inherited)",
					"@executable_path/Frameworks",
				);
				MARKETING_VERSION = 1.0;
				PRODUCT_BUNDLE_IDENTIFIER = com.alejandrovilla.MovieDB;
				PRODUCT_NAME = "$(TARGET_NAME)";
				SWIFT_EMIT_LOC_STRINGS = YES;
				SWIFT_VERSION = 5.0;
				TARGETED_DEVICE_FAMILY = "1,2";
			};
			name = Debug;
		};
		B76B4FE3293A876A00F68CC3 /* Release */ = {
			isa = XCBuildConfiguration;
			buildSettings = {
				ALLOW_TARGET_PLATFORM_SPECIALIZATION = NO;
				ASSETCATALOG_COMPILER_APPICON_NAME = AppIcon;
				ASSETCATALOG_COMPILER_GLOBAL_ACCENT_COLOR_NAME = AccentColor;
				CODE_SIGN_STYLE = Automatic;
				CURRENT_PROJECT_VERSION = 1;
				DEVELOPMENT_ASSET_PATHS = "\"MovieDB/Preview Content\"";
				ENABLE_PREVIEWS = YES;
				GENERATE_INFOPLIST_FILE = YES;
				INFOPLIST_KEY_UIApplicationSceneManifest_Generation = YES;
				INFOPLIST_KEY_UIApplicationSupportsIndirectInputEvents = YES;
				INFOPLIST_KEY_UILaunchScreen_Generation = YES;
				INFOPLIST_KEY_UISupportedInterfaceOrientations_iPad = "UIInterfaceOrientationPortrait UIInterfaceOrientationPortraitUpsideDown UIInterfaceOrientationLandscapeLeft UIInterfaceOrientationLandscapeRight";
				INFOPLIST_KEY_UISupportedInterfaceOrientations_iPhone = "UIInterfaceOrientationPortrait UIInterfaceOrientationLandscapeLeft UIInterfaceOrientationLandscapeRight";
				LD_RUNPATH_SEARCH_PATHS = (
					"$(inherited)",
					"@executable_path/Frameworks",
				);
				MARKETING_VERSION = 1.0;
				PRODUCT_BUNDLE_IDENTIFIER = com.alejandrovilla.MovieDB;
				PRODUCT_NAME = "$(TARGET_NAME)";
				SWIFT_EMIT_LOC_STRINGS = YES;
				SWIFT_VERSION = 5.0;
				TARGETED_DEVICE_FAMILY = "1,2";
			};
			name = Release;
		};
		B76B4FE5293A876A00F68CC3 /* Debug */ = {
			isa = XCBuildConfiguration;
			buildSettings = {
				ALWAYS_EMBED_SWIFT_STANDARD_LIBRARIES = YES;
				BUNDLE_LOADER = "$(TEST_HOST)";
				CODE_SIGN_STYLE = Automatic;
				CURRENT_PROJECT_VERSION = 1;
				GENERATE_INFOPLIST_FILE = YES;
				IPHONEOS_DEPLOYMENT_TARGET = 16.0;
				MARKETING_VERSION = 1.0;
				PRODUCT_BUNDLE_IDENTIFIER = com.alejandrovilla.MovieDBTests;
				PRODUCT_NAME = "$(TARGET_NAME)";
				SWIFT_EMIT_LOC_STRINGS = NO;
				SWIFT_VERSION = 5.0;
				TARGETED_DEVICE_FAMILY = "1,2";
				TEST_HOST = "$(BUILT_PRODUCTS_DIR)/MovieDB.app/$(BUNDLE_EXECUTABLE_FOLDER_PATH)/MovieDB";
			};
			name = Debug;
		};
		B76B4FE6293A876A00F68CC3 /* Release */ = {
			isa = XCBuildConfiguration;
			buildSettings = {
				ALWAYS_EMBED_SWIFT_STANDARD_LIBRARIES = YES;
				BUNDLE_LOADER = "$(TEST_HOST)";
				CODE_SIGN_STYLE = Automatic;
				CURRENT_PROJECT_VERSION = 1;
				GENERATE_INFOPLIST_FILE = YES;
				IPHONEOS_DEPLOYMENT_TARGET = 16.0;
				MARKETING_VERSION = 1.0;
				PRODUCT_BUNDLE_IDENTIFIER = com.alejandrovilla.MovieDBTests;
				PRODUCT_NAME = "$(TARGET_NAME)";
				SWIFT_EMIT_LOC_STRINGS = NO;
				SWIFT_VERSION = 5.0;
				TARGETED_DEVICE_FAMILY = "1,2";
				TEST_HOST = "$(BUILT_PRODUCTS_DIR)/MovieDB.app/$(BUNDLE_EXECUTABLE_FOLDER_PATH)/MovieDB";
			};
			name = Release;
		};
/* End XCBuildConfiguration section */

/* Begin XCConfigurationList section */
		B76B4FB8293A876800F68CC3 /* Build configuration list for PBXProject "MovieDB" */ = {
			isa = XCConfigurationList;
			buildConfigurations = (
				B76B4FDF293A876A00F68CC3 /* Debug */,
				B76B4FE0293A876A00F68CC3 /* Release */,
			);
			defaultConfigurationIsVisible = 0;
			defaultConfigurationName = Release;
		};
		B76B4FE1293A876A00F68CC3 /* Build configuration list for PBXNativeTarget "MovieDB" */ = {
			isa = XCConfigurationList;
			buildConfigurations = (
				B76B4FE2293A876A00F68CC3 /* Debug */,
				B76B4FE3293A876A00F68CC3 /* Release */,
			);
			defaultConfigurationIsVisible = 0;
			defaultConfigurationName = Release;
		};
		B76B4FE4293A876A00F68CC3 /* Build configuration list for PBXNativeTarget "MovieDBTests" */ = {
			isa = XCConfigurationList;
			buildConfigurations = (
				B76B4FE5293A876A00F68CC3 /* Debug */,
				B76B4FE6293A876A00F68CC3 /* Release */,
			);
			defaultConfigurationIsVisible = 0;
			defaultConfigurationName = Release;
		};
/* End XCConfigurationList section */
	};
	rootObject = B76B4FB5293A876800F68CC3 /* Project object */;
}
